
Microsoft Visual Studio Solution File, Format Version 12.00
# Visual Studio Version 17
VisualStudioVersion = 17.1.32407.343
MinimumVisualStudioVersion = 10.0.40219.1
Project("{FAE04EC0-301F-11D3-BF4B-00C04F79EFBC}") = "TravelList1", "TravelList1.csproj", "{2081D8CC-D022-460B-920B-6D8B3D7EA329}"
EndProject
Project("{FAE04EC0-301F-11D3-BF4B-00C04F79EFBC}") = "BusinessLayer", "..\BusinessLayer\BusinessLayer.csproj", "{BE3FFA02-D5B1-4184-9DC2-48E748C70DDC}"
EndProject
Project("{FAE04EC0-301F-11D3-BF4B-00C04F79EFBC}") = "RepositoryLayer", "..\RepositoryLayer\RepositoryLayer.csproj", "{F5EBFB60-C2E1-407B-95BB-86F513E7CBFB}"
EndProject
Project("{FAE04EC0-301F-11D3-BF4B-00C04F79EFBC}") = "CommonLayer", "..\CommonLayer\CommonLayer.csproj", "{F7621320-0C8C-48D9-827F-F293AA5BBFE3}"
EndProject
Global
	GlobalSection(SolutionConfigurationPlatforms) = preSolution
		Debug|Any CPU = Debug|Any CPU
		Release|Any CPU = Release|Any CPU
	EndGlobalSection
	GlobalSection(ProjectConfigurationPlatforms) = postSolution
		{2081D8CC-D022-460B-920B-6D8B3D7EA329}.Debug|Any CPU.ActiveCfg = Debug|Any CPU
		{2081D8CC-D022-460B-920B-6D8B3D7EA329}.Debug|Any CPU.Build.0 = Debug|Any CPU
		{2081D8CC-D022-460B-920B-6D8B3D7EA329}.Release|Any CPU.ActiveCfg = Release|Any CPU
		{2081D8CC-D022-460B-920B-6D8B3D7EA329}.Release|Any CPU.Build.0 = Release|Any CPU
		{BE3FFA02-D5B1-4184-9DC2-48E748C70DDC}.Debug|Any CPU.ActiveCfg = Debug|Any CPU
		{BE3FFA02-D5B1-4184-9DC2-48E748C70DDC}.Debug|Any CPU.Build.0 = Debug|Any CPU
		{BE3FFA02-D5B1-4184-9DC2-48E748C70DDC}.Release|Any CPU.ActiveCfg = Release|Any CPU
		{BE3FFA02-D5B1-4184-9DC2-48E748C70DDC}.Release|Any CPU.Build.0 = Release|Any CPU
		{F5EBFB60-C2E1-407B-95BB-86F513E7CBFB}.Debug|Any CPU.ActiveCfg = Debug|Any CPU
		{F5EBFB60-C2E1-407B-95BB-86F513E7CBFB}.Debug|Any CPU.Build.0 = Debug|Any CPU
		{F5EBFB60-C2E1-407B-95BB-86F513E7CBFB}.Release|Any CPU.ActiveCfg = Release|Any CPU
		{F5EBFB60-C2E1-407B-95BB-86F513E7CBFB}.Release|Any CPU.Build.0 = Release|Any CPU
		{F7621320-0C8C-48D9-827F-F293AA5BBFE3}.Debug|Any CPU.ActiveCfg = Debug|Any CPU
		{F7621320-0C8C-48D9-827F-F293AA5BBFE3}.Debug|Any CPU.Build.0 = Debug|Any CPU
		{F7621320-0C8C-48D9-827F-F293AA5BBFE3}.Release|Any CPU.ActiveCfg = Release|Any CPU
		{F7621320-0C8C-48D9-827F-F293AA5BBFE3}.Release|Any CPU.Build.0 = Release|Any CPU
	EndGlobalSection
	GlobalSection(SolutionProperties) = preSolution
		HideSolutionNode = FALSE
	EndGlobalSection
	GlobalSection(ExtensibilityGlobals) = postSolution
		SolutionGuid = {437B3C26-D846-4C60-8713-5EE783881AA9}
	EndGlobalSection
EndGlobal
